
Microsoft Visual Studio Solution File, Format Version 12.00
# Visual Studio Version 17
VisualStudioVersion = 17.0.31903.59
MinimumVisualStudioVersion = 10.0.40219.1
Project("{FAE04EC0-301F-11D3-BF4B-00C04F79EFBC}") = "UserIdentity.API", "src\UserIdentity.API\UserIdentity.API.csproj", "{6610B4AA-32D6-4A1A-8A17-0BFA62F19552}"
EndProject
Project("{FAE04EC0-301F-11D3-BF4B-00C04F79EFBC}") = "UserIdentity.Domain", "src\UserIdentity.Domain\UserIdentity.Domain.csproj", "{C3066AC3-993F-4553-AE6E-D774268D1190}"
EndProject
Project("{FAE04EC0-301F-11D3-BF4B-00C04F79EFBC}") = "UserIdentity.Infra", "src\UserIdentity.Infra\UserIdentity.Infra.csproj", "{D44F72B4-C156-4619-B685-58CC0CFFA3EF}"
EndProject
Project("{FAE04EC0-301F-11D3-BF4B-00C04F79EFBC}") = "UserIdentity.Application", "src\UserIdentity.Application\UserIdentity.Application.csproj", "{80C9D58A-FFDF-4993-B988-6EAF005A023B}"
EndProject
Project("{2150E333-8FDC-42A3-9474-1A3956D46DE8}") = "tests", "tests", "{0AB3BF05-4346-4AA6-1389-037BE0695223}"
EndProject
Project("{FAE04EC0-301F-11D3-BF4B-00C04F79EFBC}") = "UserIdentity.UnitTests", "tests\UserIdentity.UnitTests\UserIdentity.UnitTests.csproj", "{C707C5F8-401F-446F-B8A9-8EEA45025AE2}"
EndProject
Global
	GlobalSection(SolutionConfigurationPlatforms) = preSolution
		Debug|Any CPU = Debug|Any CPU
		Debug|x64 = Debug|x64
		Debug|x86 = Debug|x86
		Release|Any CPU = Release|Any CPU
		Release|x64 = Release|x64
		Release|x86 = Release|x86
	EndGlobalSection
	GlobalSection(ProjectConfigurationPlatforms) = postSolution
		{6610B4AA-32D6-4A1A-8A17-0BFA62F19552}.Debug|Any CPU.ActiveCfg = Debug|Any CPU
		{6610B4AA-32D6-4A1A-8A17-0BFA62F19552}.Debug|Any CPU.Build.0 = Debug|Any CPU
		{6610B4AA-32D6-4A1A-8A17-0BFA62F19552}.Debug|x64.ActiveCfg = Debug|Any CPU
		{6610B4AA-32D6-4A1A-8A17-0BFA62F19552}.Debug|x64.Build.0 = Debug|Any CPU
		{6610B4AA-32D6-4A1A-8A17-0BFA62F19552}.Debug|x86.ActiveCfg = Debug|Any CPU
		{6610B4AA-32D6-4A1A-8A17-0BFA62F19552}.Debug|x86.Build.0 = Debug|Any CPU
		{6610B4AA-32D6-4A1A-8A17-0BFA62F19552}.Release|Any CPU.ActiveCfg = Release|Any CPU
		{6610B4AA-32D6-4A1A-8A17-0BFA62F19552}.Release|Any CPU.Build.0 = Release|Any CPU
		{6610B4AA-32D6-4A1A-8A17-0BFA62F19552}.Release|x64.ActiveCfg = Release|Any CPU
		{6610B4AA-32D6-4A1A-8A17-0BFA62F19552}.Release|x64.Build.0 = Release|Any CPU
		{6610B4AA-32D6-4A1A-8A17-0BFA62F19552}.Release|x86.ActiveCfg = Release|Any CPU
		{6610B4AA-32D6-4A1A-8A17-0BFA62F19552}.Release|x86.Build.0 = Release|Any CPU
		{C3066AC3-993F-4553-AE6E-D774268D1190}.Debug|Any CPU.ActiveCfg = Debug|Any CPU
		{C3066AC3-993F-4553-AE6E-D774268D1190}.Debug|Any CPU.Build.0 = Debug|Any CPU
		{C3066AC3-993F-4553-AE6E-D774268D1190}.Debug|x64.ActiveCfg = Debug|Any CPU
		{C3066AC3-993F-4553-AE6E-D774268D1190}.Debug|x64.Build.0 = Debug|Any CPU
		{C3066AC3-993F-4553-AE6E-D774268D1190}.Debug|x86.ActiveCfg = Debug|Any CPU
		{C3066AC3-993F-4553-AE6E-D774268D1190}.Debug|x86.Build.0 = Debug|Any CPU
		{C3066AC3-993F-4553-AE6E-D774268D1190}.Release|Any CPU.ActiveCfg = Release|Any CPU
		{C3066AC3-993F-4553-AE6E-D774268D1190}.Release|Any CPU.Build.0 = Release|Any CPU
		{C3066AC3-993F-4553-AE6E-D774268D1190}.Release|x64.ActiveCfg = Release|Any CPU
		{C3066AC3-993F-4553-AE6E-D774268D1190}.Release|x64.Build.0 = Release|Any CPU
		{C3066AC3-993F-4553-AE6E-D774268D1190}.Release|x86.ActiveCfg = Release|Any CPU
		{C3066AC3-993F-4553-AE6E-D774268D1190}.Release|x86.Build.0 = Release|Any CPU
		{D44F72B4-C156-4619-B685-58CC0CFFA3EF}.Debug|Any CPU.ActiveCfg = Debug|Any CPU
		{D44F72B4-C156-4619-B685-58CC0CFFA3EF}.Debug|Any CPU.Build.0 = Debug|Any CPU
		{D44F72B4-C156-4619-B685-58CC0CFFA3EF}.Debug|x64.ActiveCfg = Debug|Any CPU
		{D44F72B4-C156-4619-B685-58CC0CFFA3EF}.Debug|x64.Build.0 = Debug|Any CPU
		{D44F72B4-C156-4619-B685-58CC0CFFA3EF}.Debug|x86.ActiveCfg = Debug|Any CPU
		{D44F72B4-C156-4619-B685-58CC0CFFA3EF}.Debug|x86.Build.0 = Debug|Any CPU
		{D44F72B4-C156-4619-B685-58CC0CFFA3EF}.Release|Any CPU.ActiveCfg = Release|Any CPU
		{D44F72B4-C156-4619-B685-58CC0CFFA3EF}.Release|Any CPU.Build.0 = Release|Any CPU
		{D44F72B4-C156-4619-B685-58CC0CFFA3EF}.Release|x64.ActiveCfg = Release|Any CPU
		{D44F72B4-C156-4619-B685-58CC0CFFA3EF}.Release|x64.Build.0 = Release|Any CPU
		{D44F72B4-C156-4619-B685-58CC0CFFA3EF}.Release|x86.ActiveCfg = Release|Any CPU
		{D44F72B4-C156-4619-B685-58CC0CFFA3EF}.Release|x86.Build.0 = Release|Any CPU
		{80C9D58A-FFDF-4993-B988-6EAF005A023B}.Debug|Any CPU.ActiveCfg = Debug|Any CPU
		{80C9D58A-FFDF-4993-B988-6EAF005A023B}.Debug|Any CPU.Build.0 = Debug|Any CPU
		{80C9D58A-FFDF-4993-B988-6EAF005A023B}.Debug|x64.ActiveCfg = Debug|Any CPU
		{80C9D58A-FFDF-4993-B988-6EAF005A023B}.Debug|x64.Build.0 = Debug|Any CPU
		{80C9D58A-FFDF-4993-B988-6EAF005A023B}.Debug|x86.ActiveCfg = Debug|Any CPU
		{80C9D58A-FFDF-4993-B988-6EAF005A023B}.Debug|x86.Build.0 = Debug|Any CPU
		{80C9D58A-FFDF-4993-B988-6EAF005A023B}.Release|Any CPU.ActiveCfg = Release|Any CPU
		{80C9D58A-FFDF-4993-B988-6EAF005A023B}.Release|Any CPU.Build.0 = Release|Any CPU
		{80C9D58A-FFDF-4993-B988-6EAF005A023B}.Release|x64.ActiveCfg = Release|Any CPU
		{80C9D58A-FFDF-4993-B988-6EAF005A023B}.Release|x64.Build.0 = Release|Any CPU
		{80C9D58A-FFDF-4993-B988-6EAF005A023B}.Release|x86.ActiveCfg = Release|Any CPU
		{80C9D58A-FFDF-4993-B988-6EAF005A023B}.Release|x86.Build.0 = Release|Any CPU
		{C707C5F8-401F-446F-B8A9-8EEA45025AE2}.Debug|Any CPU.ActiveCfg = Debug|Any CPU
		{C707C5F8-401F-446F-B8A9-8EEA45025AE2}.Debug|Any CPU.Build.0 = Debug|Any CPU
		{C707C5F8-401F-446F-B8A9-8EEA45025AE2}.Debug|x64.ActiveCfg = Debug|Any CPU
		{C707C5F8-401F-446F-B8A9-8EEA45025AE2}.Debug|x64.Build.0 = Debug|Any CPU
		{C707C5F8-401F-446F-B8A9-8EEA45025AE2}.Debug|x86.ActiveCfg = Debug|Any CPU
		{C707C5F8-401F-446F-B8A9-8EEA45025AE2}.Debug|x86.Build.0 = Debug|Any CPU
		{C707C5F8-401F-446F-B8A9-8EEA45025AE2}.Release|Any CPU.ActiveCfg = Release|Any CPU
		{C707C5F8-401F-446F-B8A9-8EEA45025AE2}.Release|Any CPU.Build.0 = Release|Any CPU
		{C707C5F8-401F-446F-B8A9-8EEA45025AE2}.Release|x64.ActiveCfg = Release|Any CPU
		{C707C5F8-401F-446F-B8A9-8EEA45025AE2}.Release|x64.Build.0 = Release|Any CPU
		{C707C5F8-401F-446F-B8A9-8EEA45025AE2}.Release|x86.ActiveCfg = Release|Any CPU
		{C707C5F8-401F-446F-B8A9-8EEA45025AE2}.Release|x86.Build.0 = Release|Any CPU
	EndGlobalSection
	GlobalSection(SolutionProperties) = preSolution
		HideSolutionNode = FALSE
	EndGlobalSection
	GlobalSection(NestedProjects) = preSolution
		{C707C5F8-401F-446F-B8A9-8EEA45025AE2} = {0AB3BF05-4346-4AA6-1389-037BE0695223}
	EndGlobalSection
EndGlobal
